
Microsoft Visual Studio Solution File, Format Version 12.00
# Visual Studio Version 17
VisualStudioVersion = 17.0.32112.339
MinimumVisualStudioVersion = 10.0.40219.1
Project("{FAE04EC0-301F-11D3-BF4B-00C04F79EFBC}") = "Todas_as_aulas_juntas_e_seus_dias", "Todas_as_aulas_juntas_e_seus_dias\Todas_as_aulas_juntas_e_seus_dias.csproj", "{B1DDFE0C-0CCF-452F-AE55-761CF8A19B71}"
EndProject
Global
	GlobalSection(SolutionConfigurationPlatforms) = preSolution
		Debug|Any CPU = Debug|Any CPU
		Release|Any CPU = Release|Any CPU
	EndGlobalSection
	GlobalSection(ProjectConfigurationPlatforms) = postSolution
		{B1DDFE0C-0CCF-452F-AE55-761CF8A19B71}.Debug|Any CPU.ActiveCfg = Debug|Any CPU
		{B1DDFE0C-0CCF-452F-AE55-761CF8A19B71}.Debug|Any CPU.Build.0 = Debug|Any CPU
		{B1DDFE0C-0CCF-452F-AE55-761CF8A19B71}.Release|Any CPU.ActiveCfg = Release|Any CPU
		{B1DDFE0C-0CCF-452F-AE55-761CF8A19B71}.Release|Any CPU.Build.0 = Release|Any CPU
	EndGlobalSection
	GlobalSection(SolutionProperties) = preSolution
		HideSolutionNode = FALSE
	EndGlobalSection
	GlobalSection(ExtensibilityGlobals) = postSolution
		SolutionGuid = {493F6815-1B7D-4A5C-B542-E9BAD05961AB}
	EndGlobalSection
EndGlobal
